// !$*UTF8*$!
{
	archiveVersion = 1;
	classes = {
	};
	objectVersion = 50;
	objects = {

/* Begin PBXBuildFile section */
		AB2F0CAB26551AE4002842E2 /* AppDelegate.m in Sources */ = {isa = PBXBuildFile; fileRef = AB2F0CAA26551AE4002842E2 /* AppDelegate.m */; };
		AB2F0CAE26551AE4002842E2 /* SceneDelegate.m in Sources */ = {isa = PBXBuildFile; fileRef = AB2F0CAD26551AE4002842E2 /* SceneDelegate.m */; };
		AB2F0CB126551AE4002842E2 /* ViewController.m in Sources */ = {isa = PBXBuildFile; fileRef = AB2F0CB026551AE4002842E2 /* ViewController.m */; };
		AB2F0CB426551AE4002842E2 /* Main.storyboard in Resources */ = {isa = PBXBuildFile; fileRef = AB2F0CB226551AE4002842E2 /* Main.storyboard */; };
		AB2F0CB626551AE7002842E2 /* Assets.xcassets in Resources */ = {isa = PBXBuildFile; fileRef = AB2F0CB526551AE7002842E2 /* Assets.xcassets */; };
		AB2F0CB926551AE7002842E2 /* LaunchScreen.storyboard in Resources */ = {isa = PBXBuildFile; fileRef = AB2F0CB726551AE7002842E2 /* LaunchScreen.storyboard */; };
		AB2F0CBC26551AE7002842E2 /* main.m in Sources */ = {isa = PBXBuildFile; fileRef = AB2F0CBB26551AE7002842E2 /* main.m */; };
		AB2F0CC526551B0B002842E2 /* VideoCapture.m in Sources */ = {isa = PBXBuildFile; fileRef = AB2F0CC426551B0A002842E2 /* VideoCapture.m */; };
		AB2F0CC826551B2D002842E2 /* VideoEncoder.m in Sources */ = {isa = PBXBuildFile; fileRef = AB2F0CC726551B2D002842E2 /* VideoEncoder.m */; };
/* End PBXBuildFile section */

/* Begin PBXFileReference section */
		AB2F0CA626551AE4002842E2 /* CaptureDemo.app */ = {isa = PBXFileReference; explicitFileType = wrapper.application; includeInIndex = 0; path = CaptureDemo.app; sourceTree = BUILT_PRODUCTS_DIR; };
		AB2F0CA926551AE4002842E2 /* AppDelegate.h */ = {isa = PBXFileReference; lastKnownFileType = sourcecode.c.h; path = AppDelegate.h; sourceTree = "<group>"; };
		AB2F0CAA26551AE4002842E2 /* AppDelegate.m */ = {isa = PBXFileReference; lastKnownFileType = sourcecode.c.objc; path = AppDelegate.m; sourceTree = "<group>"; };
		AB2F0CAC26551AE4002842E2 /* SceneDelegate.h */ = {isa = PBXFileReference; lastKnownFileType = sourcecode.c.h; path = SceneDelegate.h; sourceTree = "<group>"; };
		AB2F0CAD26551AE4002842E2 /* SceneDelegate.m */ = {isa = PBXFileReference; lastKnownFileType = sourcecode.c.objc; path = SceneDelegate.m; sourceTree = "<group>"; };
		AB2F0CAF26551AE4002842E2 /* ViewController.h */ = {isa = PBXFileReference; lastKnownFileType = sourcecode.c.h; path = ViewController.h; sourceTree = "<group>"; };
		AB2F0CB026551AE4002842E2 /* ViewController.m */ = {isa = PBXFileReference; lastKnownFileType = sourcecode.c.objc; path = ViewController.m; sourceTree = "<group>"; };
		AB2F0CB326551AE4002842E2 /* Base */ = {isa = PBXFileReference; lastKnownFileType = file.storyboard; name = Base; path = Base.lproj/Main.storyboard; sourceTree = "<group>"; };
		AB2F0CB526551AE7002842E2 /* Assets.xcassets */ = {isa = PBXFileReference; lastKnownFileType = folder.assetcatalog; path = Assets.xcassets; sourceTree = "<group>"; };
		AB2F0CB826551AE7002842E2 /* Base */ = {isa = PBXFileReference; lastKnownFileType = file.storyboard; name = Base; path = Base.lproj/LaunchScreen.storyboard; sourceTree = "<group>"; };
		AB2F0CBA26551AE7002842E2 /* Info.plist */ = {isa = PBXFileReference; lastKnownFileType = text.plist.xml; path = Info.plist; sourceTree = "<group>"; };
		AB2F0CBB26551AE7002842E2 /* main.m */ = {isa = PBXFileReference; lastKnownFileType = sourcecode.c.objc; path = main.m; sourceTree = "<group>"; };
		AB2F0CC326551B0A002842E2 /* VideoCapture.h */ = {isa = PBXFileReference; lastKnownFileType = sourcecode.c.h; path = VideoCapture.h; sourceTree = "<group>"; };
		AB2F0CC426551B0A002842E2 /* VideoCapture.m */ = {isa = PBXFileReference; lastKnownFileType = sourcecode.c.objc; path = VideoCapture.m; sourceTree = "<group>"; };
		AB2F0CC626551B2D002842E2 /* VideoEncoder.h */ = {isa = PBXFileReference; lastKnownFileType = sourcecode.c.h; path = VideoEncoder.h; sourceTree = "<group>"; };
		AB2F0CC726551B2D002842E2 /* VideoEncoder.m */ = {isa = PBXFileReference; lastKnownFileType = sourcecode.c.objc; path = VideoEncoder.m; sourceTree = "<group>"; };
/* End PBXFileReference section */

/* Begin PBXFrameworksBuildPhase section */
		AB2F0CA326551AE4002842E2 /* Frameworks */ = {
			isa = PBXFrameworksBuildPhase;
			buildActionMask = 2147483647;
			files = (
			);
			runOnlyForDeploymentPostprocessing = 0;
		};
/* End PBXFrameworksBuildPhase section */

/* Begin PBXGroup section */
		AB2F0C9D26551AE4002842E2 = {
			isa = PBXGroup;
			children = (
				AB2F0CA826551AE4002842E2 /* CaptureDemo */,
				AB2F0CA726551AE4002842E2 /* Products */,
			);
			sourceTree = "<group>";
		};
		AB2F0CA726551AE4002842E2 /* Products */ = {
			isa = PBXGroup;
			children = (
				AB2F0CA626551AE4002842E2 /* CaptureDemo.app */,
			);
			name = Products;
			sourceTree = "<group>";
		};
		AB2F0CA826551AE4002842E2 /* CaptureDemo */ = {
			isa = PBXGroup;
			children = (
				AB2F0CA926551AE4002842E2 /* AppDelegate.h */,
				AB2F0CAA26551AE4002842E2 /* AppDelegate.m */,
				AB2F0CAC26551AE4002842E2 /* SceneDelegate.h */,
				AB2F0CAD26551AE4002842E2 /* SceneDelegate.m */,
				AB2F0CAF26551AE4002842E2 /* ViewController.h */,
				AB2F0CB026551AE4002842E2 /* ViewController.m */,
				AB2F0CC226551AFF002842E2 /* VideoToolBox */,
				AB2F0CB226551AE4002842E2 /* Main.storyboard */,
				AB2F0CB526551AE7002842E2 /* Assets.xcassets */,
				AB2F0CB726551AE7002842E2 /* LaunchScreen.storyboard */,
				AB2F0CBA26551AE7002842E2 /* Info.plist */,
				AB2F0CBB26551AE7002842E2 /* main.m */,
			);
			path = CaptureDemo;
			sourceTree = "<group>";
		};
		AB2F0CC226551AFF002842E2 /* VideoToolBox */ = {
			isa = PBXGroup;
			children = (
				AB2F0CC326551B0A002842E2 /* VideoCapture.h */,
				AB2F0CC426551B0A002842E2 /* VideoCapture.m */,
				AB2F0CC626551B2D002842E2 /* VideoEncoder.h */,
				AB2F0CC726551B2D002842E2 /* VideoEncoder.m */,
			);
			path = VideoToolBox;
			sourceTree = "<group>";
		};
/* End PBXGroup section */

/* Begin PBXNativeTarget section */
		AB2F0CA526551AE4002842E2 /* CaptureDemo */ = {
			isa = PBXNativeTarget;
			buildConfigurationList = AB2F0CBF26551AE7002842E2 /* Build configuration list for PBXNativeTarget "CaptureDemo" */;
			buildPhases = (
				AB2F0CA226551AE4002842E2 /* Sources */,
				AB2F0CA326551AE4002842E2 /* Frameworks */,
				AB2F0CA426551AE4002842E2 /* Resources */,
			);
			buildRules = (
			);
			dependencies = (
			);
			name = CaptureDemo;
			productName = CaptureDemo;
			productReference = AB2F0CA626551AE4002842E2 /* CaptureDemo.app */;
			productType = "com.apple.product-type.application";
		};
/* End PBXNativeTarget section */

/* Begin PBXProject section */
		AB2F0C9E26551AE4002842E2 /* Project object */ = {
			isa = PBXProject;
			attributes = {
				LastUpgradeCheck = 1250;
				TargetAttributes = {
					AB2F0CA526551AE4002842E2 = {
						CreatedOnToolsVersion = 12.5;
					};
				};
			};
			buildConfigurationList = AB2F0CA126551AE4002842E2 /* Build configuration list for PBXProject "CaptureDemo" */;
			compatibilityVersion = "Xcode 9.3";
			developmentRegion = en;
			hasScannedForEncodings = 0;
			knownRegions = (
				en,
				Base,
			);
			mainGroup = AB2F0C9D26551AE4002842E2;
			productRefGroup = AB2F0CA726551AE4002842E2 /* Products */;
			projectDirPath = "";
			projectRoot = "";
			targets = (
				AB2F0CA526551AE4002842E2 /* CaptureDemo */,
			);
		};
/* End PBXProject section */

/* Begin PBXResourcesBuildPhase section */
		AB2F0CA426551AE4002842E2 /* Resources */ = {
			isa = PBXResourcesBuildPhase;
			buildActionMask = 2147483647;
			files = (
				AB2F0CB926551AE7002842E2 /* LaunchScreen.storyboard in Resources */,
				AB2F0CB626551AE7002842E2 /* Assets.xcassets in Resources */,
				AB2F0CB426551AE4002842E2 /* Main.storyboard in Resources */,
			);
			runOnlyForDeploymentPostprocessing = 0;
		};
/* End PBXResourcesBuildPhase section */

/* Begin PBXSourcesBuildPhase section */
		AB2F0CA226551AE4002842E2 /* Sources */ = {
			isa = PBXSourcesBuildPhase;
			buildActionMask = 2147483647;
			files = (
				AB2F0CC526551B0B002842E2 /* VideoCapture.m in Sources */,
				AB2F0CB126551AE4002842E2 /* ViewController.m in Sources */,
				AB2F0CAB26551AE4002842E2 /* AppDelegate.m in Sources */,
				AB2F0CBC26551AE7002842E2 /* main.m in Sources */,
				AB2F0CC826551B2D002842E2 /* VideoEncoder.m in Sources */,
				AB2F0CAE26551AE4002842E2 /* SceneDelegate.m in Sources */,
			);
			runOnlyForDeploymentPostprocessing = 0;
		};
/* End PBXSourcesBuildPhase section */

/* Begin PBXVariantGroup section */
		AB2F0CB226551AE4002842E2 /* Main.storyboard */ = {
			isa = PBXVariantGroup;
			children = (
				AB2F0CB326551AE4002842E2 /* Base */,
			);
			name = Main.storyboard;
			sourceTree = "<group>";
		};
		AB2F0CB726551AE7002842E2 /* LaunchScreen.storyboard */ = {
			isa = PBXVariantGroup;
			children = (
				AB2F0CB826551AE7002842E2 /* Base */,
			);
			name = LaunchScreen.storyboard;
			sourceTree = "<group>";
		};
/* End PBXVariantGroup section */

/* Begin XCBuildConfiguration section */
		AB2F0CBD26551AE7002842E2 /* Debug */ = {
			isa = XCBuildConfiguration;
			buildSettings = {
				ALWAYS_SEARCH_USER_PATHS = NO;
				CLANG_ANALYZER_NONNULL = YES;
				CLANG_ANALYZER_NUMBER_OBJECT_CONVERSION = YES_AGGRESSIVE;
				CLANG_CXX_LANGUAGE_STANDARD = "gnu++14";
				CLANG_CXX_LIBRARY = "libc++";
				CLANG_ENABLE_MODULES = YES;
				CLANG_ENABLE_OBJC_ARC = YES;
				CLANG_ENABLE_OBJC_WEAK = YES;
				CLANG_WARN_BLOCK_CAPTURE_AUTORELEASING = YES;
				CLANG_WARN_BOOL_CONVERSION = YES;
				CLANG_WARN_COMMA = YES;
				CLANG_WARN_CONSTANT_CONVERSION = YES;
				CLANG_WARN_DEPRECATED_OBJC_IMPLEMENTATIONS = YES;
				CLANG_WARN_DIRECT_OBJC_ISA_USAGE = YES_ERROR;
				CLANG_WARN_DOCUMENTATION_COMMENTS = YES;
				CLANG_WARN_EMPTY_BODY = YES;
				CLANG_WARN_ENUM_CONVERSION = YES;
				CLANG_WARN_INFINITE_RECURSION = YES;
				CLANG_WARN_INT_CONVERSION = YES;
				CLANG_WARN_NON_LITERAL_NULL_CONVERSION = YES;
				CLANG_WARN_OBJC_IMPLICIT_RETAIN_SELF = YES;
				CLANG_WARN_OBJC_LITERAL_CONVERSION = YES;
				CLANG_WARN_OBJC_ROOT_CLASS = YES_ERROR;
				CLANG_WARN_QUOTED_INCLUDE_IN_FRAMEWORK_HEADER = YES;
				CLANG_WARN_RANGE_LOOP_ANALYSIS = YES;
				CLANG_WARN_STRICT_PROTOTYPES = YES;
				CLANG_WARN_SUSPICIOUS_MOVE = YES;
				CLANG_WARN_UNGUARDED_AVAILABILITY = YES_AGGRESSIVE;
				CLANG_WARN_UNREACHABLE_CODE = YES;
				CLANG_WARN__DUPLICATE_METHOD_MATCH = YES;
				COPY_PHASE_STRIP = NO;
				DEBUG_INFORMATION_FORMAT = dwarf;
				ENABLE_STRICT_OBJC_MSGSEND = YES;
				ENABLE_TESTABILITY = YES;
				GCC_C_LANGUAGE_STANDARD = gnu11;
				GCC_DYNAMIC_NO_PIC = NO;
				GCC_NO_COMMON_BLOCKS = YES;
				GCC_OPTIMIZATION_LEVEL = 0;
				GCC_PREPROCESSOR_DEFINITIONS = (
					"DEBUG=1",
					"$(inherited)",
				);
				GCC_WARN_64_TO_32_BIT_CONVERSION = YES;
				GCC_WARN_ABOUT_RETURN_TYPE = YES_ERROR;
				GCC_WARN_UNDECLARED_SELECTOR = YES;
				GCC_WARN_UNINITIALIZED_AUTOS = YES_AGGRESSIVE;
				GCC_WARN_UNUSED_FUNCTION = YES;
				GCC_WARN_UNUSED_VARIABLE = YES;
				IPHONEOS_DEPLOYMENT_TARGET = 14.5;
				MTL_ENABLE_DEBUG_INFO = INCLUDE_SOURCE;
				MTL_FAST_MATH = YES;
				ONLY_ACTIVE_ARCH = YES;
				SDKROOT = iphoneos;
			};
			name = Debug;
		};
		AB2F0CBE26551AE7002842E2 /* Release */ = {
			isa = XCBuildConfiguration;
			buildSettings = {
				ALWAYS_SEARCH_USER_PATHS = NO;
				CLANG_ANALYZER_NONNULL = YES;
				CLANG_ANALYZER_NUMBER_OBJECT_CONVERSION = YES_AGGRESSIVE;
				CLANG_CXX_LANGUAGE_STANDARD = "gnu++14";
				CLANG_CXX_LIBRARY = "libc++";
				CLANG_ENABLE_MODULES = YES;
				CLANG_ENABLE_OBJC_ARC = YES;
				CLANG_ENABLE_OBJC_WEAK = YES;
				CLANG_WARN_BLOCK_CAPTURE_AUTORELEASING = YES;
				CLANG_WARN_BOOL_CONVERSION = YES;
				CLANG_WARN_COMMA = YES;
				CLANG_WARN_CONSTANT_CONVERSION = YES;
				CLANG_WARN_DEPRECATED_OBJC_IMPLEMENTATIONS = YES;
				CLANG_WARN_DIRECT_OBJC_ISA_USAGE = YES_ERROR;
				CLANG_WARN_DOCUMENTATION_COMMENTS = YES;
				CLANG_WARN_EMPTY_BODY = YES;
				CLANG_WARN_ENUM_CONVERSION = YES;
				CLANG_WARN_INFINITE_RECURSION = YES;
				CLANG_WARN_INT_CONVERSION = YES;
				CLANG_WARN_NON_LITERAL_NULL_CONVERSION = YES;
				CLANG_WARN_OBJC_IMPLICIT_RETAIN_SELF = YES;
				CLANG_WARN_OBJC_LITERAL_CONVERSION = YES;
				CLANG_WARN_OBJC_ROOT_CLASS = YES_ERROR;
				CLANG_WARN_QUOTED_INCLUDE_IN_FRAMEWORK_HEADER = YES;
				CLANG_WARN_RANGE_LOOP_ANALYSIS = YES;
				CLANG_WARN_STRICT_PROTOTYPES = YES;
				CLANG_WARN_SUSPICIOUS_MOVE = YES;
				CLANG_WARN_UNGUARDED_AVAILABILITY = YES_AGGRESSIVE;
				CLANG_WARN_UNREACHABLE_CODE = YES;
				CLANG_WARN__DUPLICATE_METHOD_MATCH = YES;
				COPY_PHASE_STRIP = NO;
				DEBUG_INFORMATION_FORMAT = "dwarf-with-dsym";
				ENABLE_NS_ASSERTIONS = NO;
				ENABLE_STRICT_OBJC_MSGSEND = YES;
				GCC_C_LANGUAGE_STANDARD = gnu11;
				GCC_NO_COMMON_BLOCKS = YES;
				GCC_WARN_64_TO_32_BIT_CONVERSION = YES;
				GCC_WARN_ABOUT_RETURN_TYPE = YES_ERROR;
				GCC_WARN_UNDECLARED_SELECTOR = YES;
				GCC_WARN_UNINITIALIZED_AUTOS = YES_AGGRESSIVE;
				GCC_WARN_UNUSED_FUNCTION = YES;
				GCC_WARN_UNUSED_VARIABLE = YES;
				IPHONEOS_DEPLOYMENT_TARGET = 14.5;
				MTL_ENABLE_DEBUG_INFO = NO;
				MTL_FAST_MATH = YES;
				SDKROOT = iphoneos;
				VALIDATE_PRODUCT = YES;
			};
			name = Release;
		};
		AB2F0CC026551AE7002842E2 /* Debug */ = {
			isa = XCBuildConfiguration;
			buildSettings = {
				ASSETCATALOG_COMPILER_APPICON_NAME = AppIcon;
				ASSETCATALOG_COMPILER_GLOBAL_ACCENT_COLOR_NAME = AccentColor;
				CODE_SIGN_STYLE = Automatic;
				DEVELOPMENT_TEAM = 2LF694Y87U;
				INFOPLIST_FILE = CaptureDemo/Info.plist;
				IPHONEOS_DEPLOYMENT_TARGET = 13.0;
				LD_RUNPATH_SEARCH_PATHS = (
					"$(inherited)",
					"@executable_path/Frameworks",
				);
				PRODUCT_BUNDLE_IDENTIFIER = com.ziyingtech.CaptureDemo;
				PRODUCT_NAME = "$(TARGET_NAME)";
				TARGETED_DEVICE_FAMILY = "1,2";
			};
			name = Debug;
		};
		AB2F0CC126551AE7002842E2 /* Release */ = {
			isa = XCBuildConfiguration;
			buildSettings = {
				ASSETCATALOG_COMPILER_APPICON_NAME = AppIcon;
				ASSETCATALOG_COMPILER_GLOBAL_ACCENT_COLOR_NAME = AccentColor;
				CODE_SIGN_STYLE = Automatic;
				DEVELOPMENT_TEAM = 2LF694Y87U;
				INFOPLIST_FILE = CaptureDemo/Info.plist;
				IPHONEOS_DEPLOYMENT_TARGET = 13.0;
				LD_RUNPATH_SEARCH_PATHS = (
					"$(inherited)",
					"@executable_path/Frameworks",
				);
				PRODUCT_BUNDLE_IDENTIFIER = com.ziyingtech.CaptureDemo;
				PRODUCT_NAME = "$(TARGET_NAME)";
				TARGETED_DEVICE_FAMILY = "1,2";
			};
			name = Release;
		};
/* End XCBuildConfiguration section */

/* Begin XCConfigurationList section */
		AB2F0CA126551AE4002842E2 /* Build configuration list for PBXProject "CaptureDemo" */ = {
			isa = XCConfigurationList;
			buildConfigurations = (
				AB2F0CBD26551AE7002842E2 /* Debug */,
				AB2F0CBE26551AE7002842E2 /* Release */,
			);
			defaultConfigurationIsVisible = 0;
			defaultConfigurationName = Release;
		};
		AB2F0CBF26551AE7002842E2 /* Build configuration list for PBXNativeTarget "CaptureDemo" */ = {
			isa = XCConfigurationList;
			buildConfigurations = (
				AB2F0CC026551AE7002842E2 /* Debug */,
				AB2F0CC126551AE7002842E2 /* Release */,
			);
			defaultConfigurationIsVisible = 0;
			defaultConfigurationName = Release;
		};
/* End XCConfigurationList section */
	};
	rootObject = AB2F0C9E26551AE4002842E2 /* Project object */;
}
